
Microsoft Visual Studio Solution File, Format Version 12.00
# Visual Studio Version 17
VisualStudioVersion = 17.13.35828.75 d17.13
MinimumVisualStudioVersion = 10.0.40219.1
Project("{FAE04EC0-301F-11D3-BF4B-00C04F79EFBC}") = "Race Runner Club", "Race Runner Club\Race Runner Club.csproj", "{21C3AE07-94E5-49B4-8693-70634DCC51EC}"
EndProject
Global
	GlobalSection(SolutionConfigurationPlatforms) = preSolution
		Debug|Any CPU = Debug|Any CPU
		Release|Any CPU = Release|Any CPU
	EndGlobalSection
	GlobalSection(ProjectConfigurationPlatforms) = postSolution
		{21C3AE07-94E5-49B4-8693-70634DCC51EC}.Debug|Any CPU.ActiveCfg = Debug|Any CPU
		{21C3AE07-94E5-49B4-8693-70634DCC51EC}.Debug|Any CPU.Build.0 = Debug|Any CPU
		{21C3AE07-94E5-49B4-8693-70634DCC51EC}.Release|Any CPU.ActiveCfg = Release|Any CPU
		{21C3AE07-94E5-49B4-8693-70634DCC51EC}.Release|Any CPU.Build.0 = Release|Any CPU
	EndGlobalSection
	GlobalSection(SolutionProperties) = preSolution
		HideSolutionNode = FALSE
	EndGlobalSection
	GlobalSection(ExtensibilityGlobals) = postSolution
		SolutionGuid = {D52FA557-5276-45B9-9974-79C90008C204}
	EndGlobalSection
EndGlobal
